
Microsoft Visual Studio Solution File, Format Version 12.00
# Visual Studio Version 17
VisualStudioVersion = 17.7.34003.232
MinimumVisualStudioVersion = 10.0.40219.1
Project("{888888A0-9F3D-457C-B088-3A5042F75D52}") = "PatroCar", "PatroCar\PatroCar.pyproj", "{2818BD14-66F1-4AD1-9934-C4C2E0BF11C0}"
EndProject
Global
	GlobalSection(SolutionConfigurationPlatforms) = preSolution
		Debug|Any CPU = Debug|Any CPU
		Release|Any CPU = Release|Any CPU
	EndGlobalSection
	GlobalSection(ProjectConfigurationPlatforms) = postSolution
		{2818BD14-66F1-4AD1-9934-C4C2E0BF11C0}.Debug|Any CPU.ActiveCfg = Debug|Any CPU
		{2818BD14-66F1-4AD1-9934-C4C2E0BF11C0}.Release|Any CPU.ActiveCfg = Release|Any CPU
	EndGlobalSection
	GlobalSection(SolutionProperties) = preSolution
		HideSolutionNode = FALSE
	EndGlobalSection
	GlobalSection(ExtensibilityGlobals) = postSolution
		SolutionGuid = {83122A4F-FEA3-438B-8BA8-0F950CD7EA70}
	EndGlobalSection
EndGlobal
